{
    "hash": "43c94a4d727f65a6278c369f5f862b86",
    "packages": [
        {
            "package": "doctrine/common",
            "version": "2.2.1"
        },
        {
            "package": "doctrine/dbal",
            "version": "2.2.1"
        },
        {
            "package": "doctrine/migrations",
            "version": "dev-master",
            "source-reference": "9e81984b0f126b0830d9ac6acc2d1da81aba2b94"
        },
        {
            "package": "pimple/pimple",
            "version": "dev-master",
            "source-reference": "321db91e49b6cf8cbeed58d8db662d40de96d2c3"
        },
        {
            "package": "silex/silex",
            "version": "dev-master",
            "source-reference": "3fe1e25bac949d9bab43a0e556b0c7a3fe4030f3"
        },
        {
            "package": "symfony/browser-kit",
            "version": "dev-master",
            "source-reference": "15c0a5f96283399eabcd71a957522c3e39d646ef",
            "alias": "2.1.9999999.9999999-dev"
        },
        {
            "package": "symfony/class-loader",
            "version": "dev-master",
            "source-reference": "da83c40b126ce8622fc052332b2c54a135ed976c",
            "alias": "2.1.9999999.9999999-dev"
        },
        {
            "package": "symfony/console",
            "version": "2.0.7"
        },
        {
            "package": "symfony/css-selector",
            "version": "dev-master",
            "source-reference": "5fadf85067442c6aa0e76e407eca3a2b60e910c5",
            "alias": "2.1.9999999.9999999-dev"
        },
        {
            "package": "symfony/dom-crawler",
            "version": "dev-master",
            "source-reference": "d35d208382d6e23a39a9e3c09357801b911eead6",
            "alias": "2.1.9999999.9999999-dev"
        },
        {
            "package": "symfony/event-dispatcher",
            "version": "dev-master",
            "source-reference": "502614d7dcd2260d0adaef19a344cbd42aa29adf",
            "alias": "2.1.9999999.9999999-dev"
        },
        {
            "package": "symfony/finder",
            "version": "dev-master",
            "source-reference": "be30ecc95281d729ee51b9e89644d442bcf60451",
            "alias": "2.1.9999999.9999999-dev"
        },
        {
            "package": "symfony/http-foundation",
            "version": "dev-master",
            "source-reference": "ec8ce75d0ec64dfe6de235a7c92282bae066532d",
            "alias": "2.1.9999999.9999999-dev"
        },
        {
            "package": "symfony/http-kernel",
            "version": "dev-master",
            "source-reference": "cb9201083399274f54437b8177bf983fc185f404",
            "alias": "2.1.9999999.9999999-dev"
        },
        {
            "package": "symfony/process",
            "version": "dev-master",
            "source-reference": "8cf4f692dacd94261548c12e90ef310a609a054c",
            "alias": "2.1.9999999.9999999-dev"
        },
        {
            "package": "symfony/routing",
            "version": "dev-master",
            "source-reference": "db09d0ee5032ab1320966ba7610c576ce7fb1368",
            "alias": "2.1.9999999.9999999-dev"
        }
    ],
    "aliases": []
}
